
Microsoft Visual Studio Solution File, Format Version 12.00
# Visual Studio 15
VisualStudioVersion = 15.0.28307.102
MinimumVisualStudioVersion = 10.0.40219.1
Project("{9A19103F-16F7-4668-BE54-9A1E7A4F7556}") = "ProyectPRS", "ProyectPRS\ProyectPRS.csproj", "{C4F49C82-71A2-4EB1-8895-0E80CE68688B}"
EndProject
Project("{FAE04EC0-301F-11D3-BF4B-00C04F79EFBC}") = "DataAccess", "DataAccess\DataAccess.csproj", "{8818A070-031E-46B9-8B2F-40E2E0A2C638}"
EndProject
Project("{FAE04EC0-301F-11D3-BF4B-00C04F79EFBC}") = "BusinessLogic", "BusinessLogic\BusinessLogic.csproj", "{57F41C66-B131-4BAE-A56A-68A5F32F76AF}"
EndProject
Project("{FAE04EC0-301F-11D3-BF4B-00C04F79EFBC}") = "ModelLibrary", "ModelLibrary\ModelLibrary.csproj", "{0CFCD6BA-A858-46A1-BC8E-0E66B2FB0495}"
EndProject
Project("{FAE04EC0-301F-11D3-BF4B-00C04F79EFBC}") = "WcfProyectPRS", "WcfProyectPRS\WcfProyectPRS.csproj", "{49A2C548-9009-40EA-B264-5760C4E6FF20}"
EndProject
Global
	GlobalSection(SolutionConfigurationPlatforms) = preSolution
		Debug|Any CPU = Debug|Any CPU
		Release|Any CPU = Release|Any CPU
	EndGlobalSection
	GlobalSection(ProjectConfigurationPlatforms) = postSolution
		{C4F49C82-71A2-4EB1-8895-0E80CE68688B}.Debug|Any CPU.ActiveCfg = Debug|Any CPU
		{C4F49C82-71A2-4EB1-8895-0E80CE68688B}.Debug|Any CPU.Build.0 = Debug|Any CPU
		{C4F49C82-71A2-4EB1-8895-0E80CE68688B}.Release|Any CPU.ActiveCfg = Release|Any CPU
		{C4F49C82-71A2-4EB1-8895-0E80CE68688B}.Release|Any CPU.Build.0 = Release|Any CPU
		{8818A070-031E-46B9-8B2F-40E2E0A2C638}.Debug|Any CPU.ActiveCfg = Debug|Any CPU
		{8818A070-031E-46B9-8B2F-40E2E0A2C638}.Debug|Any CPU.Build.0 = Debug|Any CPU
		{8818A070-031E-46B9-8B2F-40E2E0A2C638}.Release|Any CPU.ActiveCfg = Release|Any CPU
		{8818A070-031E-46B9-8B2F-40E2E0A2C638}.Release|Any CPU.Build.0 = Release|Any CPU
		{57F41C66-B131-4BAE-A56A-68A5F32F76AF}.Debug|Any CPU.ActiveCfg = Debug|Any CPU
		{57F41C66-B131-4BAE-A56A-68A5F32F76AF}.Debug|Any CPU.Build.0 = Debug|Any CPU
		{57F41C66-B131-4BAE-A56A-68A5F32F76AF}.Release|Any CPU.ActiveCfg = Release|Any CPU
		{57F41C66-B131-4BAE-A56A-68A5F32F76AF}.Release|Any CPU.Build.0 = Release|Any CPU
		{0CFCD6BA-A858-46A1-BC8E-0E66B2FB0495}.Debug|Any CPU.ActiveCfg = Debug|Any CPU
		{0CFCD6BA-A858-46A1-BC8E-0E66B2FB0495}.Debug|Any CPU.Build.0 = Debug|Any CPU
		{0CFCD6BA-A858-46A1-BC8E-0E66B2FB0495}.Release|Any CPU.ActiveCfg = Release|Any CPU
		{0CFCD6BA-A858-46A1-BC8E-0E66B2FB0495}.Release|Any CPU.Build.0 = Release|Any CPU
		{49A2C548-9009-40EA-B264-5760C4E6FF20}.Debug|Any CPU.ActiveCfg = Debug|Any CPU
		{49A2C548-9009-40EA-B264-5760C4E6FF20}.Debug|Any CPU.Build.0 = Debug|Any CPU
		{49A2C548-9009-40EA-B264-5760C4E6FF20}.Release|Any CPU.ActiveCfg = Release|Any CPU
		{49A2C548-9009-40EA-B264-5760C4E6FF20}.Release|Any CPU.Build.0 = Release|Any CPU
	EndGlobalSection
	GlobalSection(SolutionProperties) = preSolution
		HideSolutionNode = FALSE
	EndGlobalSection
	GlobalSection(ExtensibilityGlobals) = postSolution
		SolutionGuid = {35055A2B-3990-4757-9759-0775E97EF456}
	EndGlobalSection
EndGlobal
